
Microsoft Visual Studio Solution File, Format Version 12.00
# Visual Studio 2013
VisualStudioVersion = 12.0.30501.0
MinimumVisualStudioVersion = 10.0.40219.1
Project("{F184B08F-C81C-45F6-A57F-5ABD9991F28F}") = "kbwaveRegistryLogic", "kbwaveRegistryLogic\kbwaveRegistryLogic.vbproj", "{BC34D44C-8CEE-4587-AA90-9CEA7AA6FBDE}"
EndProject
Global
	GlobalSection(SolutionConfigurationPlatforms) = preSolution
		Debug|Any CPU = Debug|Any CPU
		Debug|x64 = Debug|x64
		Debug|x86 = Debug|x86
		Release|Any CPU = Release|Any CPU
		Release|x64 = Release|x64
		Release|x86 = Release|x86
	EndGlobalSection
	GlobalSection(ProjectConfigurationPlatforms) = postSolution
		{BC34D44C-8CEE-4587-AA90-9CEA7AA6FBDE}.Debug|Any CPU.ActiveCfg = Debug|Any CPU
		{BC34D44C-8CEE-4587-AA90-9CEA7AA6FBDE}.Debug|Any CPU.Build.0 = Debug|Any CPU
		{BC34D44C-8CEE-4587-AA90-9CEA7AA6FBDE}.Debug|x64.ActiveCfg = Debug|x64
		{BC34D44C-8CEE-4587-AA90-9CEA7AA6FBDE}.Debug|x64.Build.0 = Debug|x64
		{BC34D44C-8CEE-4587-AA90-9CEA7AA6FBDE}.Debug|x86.ActiveCfg = Debug|x64
		{BC34D44C-8CEE-4587-AA90-9CEA7AA6FBDE}.Debug|x86.Build.0 = Debug|x64
		{BC34D44C-8CEE-4587-AA90-9CEA7AA6FBDE}.Release|Any CPU.ActiveCfg = Release|Any CPU
		{BC34D44C-8CEE-4587-AA90-9CEA7AA6FBDE}.Release|Any CPU.Build.0 = Release|Any CPU
		{BC34D44C-8CEE-4587-AA90-9CEA7AA6FBDE}.Release|x64.ActiveCfg = Release|x64
		{BC34D44C-8CEE-4587-AA90-9CEA7AA6FBDE}.Release|x64.Build.0 = Release|x64
		{BC34D44C-8CEE-4587-AA90-9CEA7AA6FBDE}.Release|x86.ActiveCfg = Release|x86
		{BC34D44C-8CEE-4587-AA90-9CEA7AA6FBDE}.Release|x86.Build.0 = Release|x86
	EndGlobalSection
	GlobalSection(SolutionProperties) = preSolution
		HideSolutionNode = FALSE
	EndGlobalSection
EndGlobal
